
Microsoft Visual Studio Solution File, Format Version 12.00
# Visual Studio Version 17
VisualStudioVersion = 17.13.35931.197
MinimumVisualStudioVersion = 10.0.40219.1
Project("{FAE04EC0-301F-11D3-BF4B-00C04F79EFBC}") = "unreal-GUI", "unreal-GUI.csproj", "{152FF494-525F-417B-849B-9B7FC54DCA17}"
EndProject
Project("{2150E333-8FDC-42A3-9474-1A3956D46DE8}") = "Solution Items", "Solution Items", "{02EA681E-C7D8-13C7-8484-4AC65E1B71E8}"
	ProjectSection(SolutionItems) = preProject
		.editorconfig = .editorconfig
	EndProjectSection
EndProject
Project("{FAE04EC0-301F-11D3-BF4B-00C04F79EFBC}") = "unreal-GUI_Reminder", "..\unreal-GUI_Reminder\unreal-GUI_Reminder.csproj", "{C53E28FA-855E-49FC-B980-5E9A2CFF0030}"
EndProject
Global
	GlobalSection(SolutionConfigurationPlatforms) = preSolution
		Debug|x64 = Debug|x64
		Release|x64 = Release|x64
	EndGlobalSection
	GlobalSection(ProjectConfigurationPlatforms) = postSolution
		{152FF494-525F-417B-849B-9B7FC54DCA17}.Debug|x64.ActiveCfg = Debug|x64
		{152FF494-525F-417B-849B-9B7FC54DCA17}.Release|x64.ActiveCfg = Release|x64
		{152FF494-525F-417B-849B-9B7FC54DCA17}.Release|x64.Build.0 = Release|x64
		{C53E28FA-855E-49FC-B980-5E9A2CFF0030}.Debug|x64.ActiveCfg = Debug|Any CPU
		{C53E28FA-855E-49FC-B980-5E9A2CFF0030}.Debug|x64.Build.0 = Debug|Any CPU
		{C53E28FA-855E-49FC-B980-5E9A2CFF0030}.Release|x64.ActiveCfg = Release|Any CPU
		{C53E28FA-855E-49FC-B980-5E9A2CFF0030}.Release|x64.Build.0 = Release|Any CPU
	EndGlobalSection
	GlobalSection(SolutionProperties) = preSolution
		HideSolutionNode = FALSE
	EndGlobalSection
	GlobalSection(ExtensibilityGlobals) = postSolution
		SolutionGuid = {0CBBBE8E-06D8-4D21-A6A7-164713F1E633}
	EndGlobalSection
EndGlobal
